{
  "name": "demo",
  "version": "0.1.0",
  "lockfileVersion": 2,
  "requires": true,
  "packages": {
    "": {
      "name": "demo",
      "version": "0.1.0",
      "license": "MIT",
      "dependencies": {
        "gl-matrix": "^3.4.3",
        "web-gl-helpers": "git+https://github.com/deandevl/web-gl-helpers.git"
      }
    },
    "node_modules/gl-matrix": {
      "version": "3.4.3",
      "resolved": "https://registry.npmjs.org/gl-matrix/-/gl-matrix-3.4.3.tgz",
      "integrity": "sha512-wcCp8vu8FT22BnvKVPjXa/ICBWRq/zjFfdofZy1WSpQZpphblv12/bOQLBC1rMM7SGOFS9ltVmKOHil5+Ml7gA=="
    },
    "node_modules/web-gl-helpers": {
      "version": "0.1.0",
      "resolved": "git+ssh://git@github.com/deandevl/web-gl-helpers.git#ce4d388cc07a29d9c0cf77add722aa6db1f81f74",
      "license": "MIT",
      "dependencies": {
        "gl-matrix": "^3.4.3"
      }
    }
  },
  "dependencies": {
    "gl-matrix": {
      "version": "3.4.3",
      "resolved": "https://registry.npmjs.org/gl-matrix/-/gl-matrix-3.4.3.tgz",
      "integrity": "sha512-wcCp8vu8FT22BnvKVPjXa/ICBWRq/zjFfdofZy1WSpQZpphblv12/bOQLBC1rMM7SGOFS9ltVmKOHil5+Ml7gA=="
    },
    "web-gl-helpers": {
      "version": "git+ssh://git@github.com/deandevl/web-gl-helpers.git#ce4d388cc07a29d9c0cf77add722aa6db1f81f74",
      "from": "web-gl-helpers@git+https://github.com/deandevl/web-gl-helpers.git",
      "requires": {
        "gl-matrix": "^3.4.3"
      }
    }
  }
}
